
Microsoft Visual Studio Solution File, Format Version 12.00
# Visual Studio 15
Project("{FAE04EC0-301F-11D3-BF4B-00C04F79EFBC}") = "Assembly-CSharp", "Assembly-CSharp.csproj", "{FBB46CB6-FE23-79E2-5CEA-D318E10FBA6C}"
EndProject
Project("{FAE04EC0-301F-11D3-BF4B-00C04F79EFBC}") = "Assembly-CSharp-firstpass", "Assembly-CSharp-firstpass.csproj", "{E8656D32-BF9E-76F7-996C-42C8228B70E4}"
EndProject
Global
	GlobalSection(SolutionConfigurationPlatforms) = preSolution
		Debug|Any CPU = Debug|Any CPU
		Release|Any CPU = Release|Any CPU
	EndGlobalSection
	GlobalSection(ProjectConfigurationPlatforms) = postSolution
		{FBB46CB6-FE23-79E2-5CEA-D318E10FBA6C}.Debug|Any CPU.ActiveCfg = Debug|Any CPU
		{FBB46CB6-FE23-79E2-5CEA-D318E10FBA6C}.Debug|Any CPU.Build.0 = Debug|Any CPU
		{FBB46CB6-FE23-79E2-5CEA-D318E10FBA6C}.Release|Any CPU.ActiveCfg = Release|Any CPU
		{FBB46CB6-FE23-79E2-5CEA-D318E10FBA6C}.Release|Any CPU.Build.0 = Release|Any CPU
		{E8656D32-BF9E-76F7-996C-42C8228B70E4}.Debug|Any CPU.ActiveCfg = Debug|Any CPU
		{E8656D32-BF9E-76F7-996C-42C8228B70E4}.Debug|Any CPU.Build.0 = Debug|Any CPU
		{E8656D32-BF9E-76F7-996C-42C8228B70E4}.Release|Any CPU.ActiveCfg = Release|Any CPU
		{E8656D32-BF9E-76F7-996C-42C8228B70E4}.Release|Any CPU.Build.0 = Release|Any CPU
	EndGlobalSection
	GlobalSection(SolutionProperties) = preSolution
		HideSolutionNode = FALSE
	EndGlobalSection
EndGlobal
